
Microsoft Visual Studio Solution File, Format Version 12.00
# Visual Studio Version 17
VisualStudioVersion = 17.0.31903.59
MinimumVisualStudioVersion = 10.0.40219.1
Project("{2150E333-8FDC-42A3-9474-1A3956D46DE8}") = "src", "src", "{827E0CD3-B72D-47B6-A68D-7590B98EB39B}"
EndProject
Project("{FAE04EC0-301F-11D3-BF4B-00C04F79EFBC}") = "Tmap.Api", "src\Tmap.Api\Tmap.Api.csproj", "{60F41AA0-9798-44D4-B821-9FC2F05A8AD9}"
EndProject
Project("{2150E333-8FDC-42A3-9474-1A3956D46DE8}") = "tests", "tests", "{0AB3BF05-4346-4AA6-1389-037BE0695223}"
EndProject
Project("{FAE04EC0-301F-11D3-BF4B-00C04F79EFBC}") = "Tmap.Api.Tests", "tests\Tmap.Api.Tests\Tmap.Api.Tests.csproj", "{6DB0CAC1-EE7C-4D26-8CF6-5DF929AD04CC}"
EndProject
Global
	GlobalSection(SolutionConfigurationPlatforms) = preSolution
		Debug|Any CPU = Debug|Any CPU
		Debug|x64 = Debug|x64
		Debug|x86 = Debug|x86
		Release|Any CPU = Release|Any CPU
		Release|x64 = Release|x64
		Release|x86 = Release|x86
	EndGlobalSection
	GlobalSection(ProjectConfigurationPlatforms) = postSolution
		{60F41AA0-9798-44D4-B821-9FC2F05A8AD9}.Debug|Any CPU.ActiveCfg = Debug|Any CPU
		{60F41AA0-9798-44D4-B821-9FC2F05A8AD9}.Debug|Any CPU.Build.0 = Debug|Any CPU
		{60F41AA0-9798-44D4-B821-9FC2F05A8AD9}.Debug|x64.ActiveCfg = Debug|Any CPU
		{60F41AA0-9798-44D4-B821-9FC2F05A8AD9}.Debug|x64.Build.0 = Debug|Any CPU
		{60F41AA0-9798-44D4-B821-9FC2F05A8AD9}.Debug|x86.ActiveCfg = Debug|Any CPU
		{60F41AA0-9798-44D4-B821-9FC2F05A8AD9}.Debug|x86.Build.0 = Debug|Any CPU
		{60F41AA0-9798-44D4-B821-9FC2F05A8AD9}.Release|Any CPU.ActiveCfg = Release|Any CPU
		{60F41AA0-9798-44D4-B821-9FC2F05A8AD9}.Release|Any CPU.Build.0 = Release|Any CPU
		{60F41AA0-9798-44D4-B821-9FC2F05A8AD9}.Release|x64.ActiveCfg = Release|Any CPU
		{60F41AA0-9798-44D4-B821-9FC2F05A8AD9}.Release|x64.Build.0 = Release|Any CPU
		{60F41AA0-9798-44D4-B821-9FC2F05A8AD9}.Release|x86.ActiveCfg = Release|Any CPU
		{60F41AA0-9798-44D4-B821-9FC2F05A8AD9}.Release|x86.Build.0 = Release|Any CPU
		{6DB0CAC1-EE7C-4D26-8CF6-5DF929AD04CC}.Debug|Any CPU.ActiveCfg = Debug|Any CPU
		{6DB0CAC1-EE7C-4D26-8CF6-5DF929AD04CC}.Debug|Any CPU.Build.0 = Debug|Any CPU
		{6DB0CAC1-EE7C-4D26-8CF6-5DF929AD04CC}.Debug|x64.ActiveCfg = Debug|Any CPU
		{6DB0CAC1-EE7C-4D26-8CF6-5DF929AD04CC}.Debug|x64.Build.0 = Debug|Any CPU
		{6DB0CAC1-EE7C-4D26-8CF6-5DF929AD04CC}.Debug|x86.ActiveCfg = Debug|Any CPU
		{6DB0CAC1-EE7C-4D26-8CF6-5DF929AD04CC}.Debug|x86.Build.0 = Debug|Any CPU
		{6DB0CAC1-EE7C-4D26-8CF6-5DF929AD04CC}.Release|Any CPU.ActiveCfg = Release|Any CPU
		{6DB0CAC1-EE7C-4D26-8CF6-5DF929AD04CC}.Release|Any CPU.Build.0 = Release|Any CPU
		{6DB0CAC1-EE7C-4D26-8CF6-5DF929AD04CC}.Release|x64.ActiveCfg = Release|Any CPU
		{6DB0CAC1-EE7C-4D26-8CF6-5DF929AD04CC}.Release|x64.Build.0 = Release|Any CPU
		{6DB0CAC1-EE7C-4D26-8CF6-5DF929AD04CC}.Release|x86.ActiveCfg = Release|Any CPU
		{6DB0CAC1-EE7C-4D26-8CF6-5DF929AD04CC}.Release|x86.Build.0 = Release|Any CPU
	EndGlobalSection
	GlobalSection(SolutionProperties) = preSolution
		HideSolutionNode = FALSE
	EndGlobalSection
	GlobalSection(NestedProjects) = preSolution
		{60F41AA0-9798-44D4-B821-9FC2F05A8AD9} = {827E0CD3-B72D-47B6-A68D-7590B98EB39B}
		{6DB0CAC1-EE7C-4D26-8CF6-5DF929AD04CC} = {0AB3BF05-4346-4AA6-1389-037BE0695223}
	EndGlobalSection
EndGlobal
